
Microsoft Visual Studio Solution File, Format Version 11.00
# Visual Studio 2010
Project("{8BC9CEB8-8B4A-11D0-8D11-00A0C91BC942}") = "ACE", "ACE\ACE.vcxproj", "{934A845F-54AB-4A5A-A783-08D9CC2785D1}"
EndProject
Project("{8BC9CEB8-8B4A-11D0-8D11-00A0C91BC942}") = "HAMMING", "HAMMING\HAMMING.vcxproj", "{99055693-8891-4681-8806-6989E820B40E}"
EndProject
Global
	GlobalSection(SolutionConfigurationPlatforms) = preSolution
		Debug|Win32 = Debug|Win32
		Release|Win32 = Release|Win32
	EndGlobalSection
	GlobalSection(ProjectConfigurationPlatforms) = postSolution
		{934A845F-54AB-4A5A-A783-08D9CC2785D1}.Debug|Win32.ActiveCfg = Debug|Win32
		{934A845F-54AB-4A5A-A783-08D9CC2785D1}.Debug|Win32.Build.0 = Debug|Win32
		{934A845F-54AB-4A5A-A783-08D9CC2785D1}.Release|Win32.ActiveCfg = Release|Win32
		{934A845F-54AB-4A5A-A783-08D9CC2785D1}.Release|Win32.Build.0 = Release|Win32
		{99055693-8891-4681-8806-6989E820B40E}.Debug|Win32.ActiveCfg = Debug|Win32
		{99055693-8891-4681-8806-6989E820B40E}.Debug|Win32.Build.0 = Debug|Win32
		{99055693-8891-4681-8806-6989E820B40E}.Release|Win32.ActiveCfg = Release|Win32
		{99055693-8891-4681-8806-6989E820B40E}.Release|Win32.Build.0 = Release|Win32
	EndGlobalSection
	GlobalSection(SolutionProperties) = preSolution
		HideSolutionNode = FALSE
	EndGlobalSection
EndGlobal
